
Microsoft Visual Studio Solution File, Format Version 12.00
# Visual Studio Version 16
VisualStudioVersion = 16.0.31129.286
MinimumVisualStudioVersion = 10.0.40219.1
Project("{FAE04EC0-301F-11D3-BF4B-00C04F79EFBC}") = "17bangMVC", "17bangMVC\17bangMVC.csproj", "{8FFF3D79-EAC1-4C6B-8C87-E1B95FC3A8BB}"
EndProject
Project("{FAE04EC0-301F-11D3-BF4B-00C04F79EFBC}") = "DAL", "DAL\DAL.csproj", "{BD957479-EA97-4F4A-B1D6-88BF2598FBE1}"
EndProject
Project("{2150E333-8FDC-42A3-9474-1A3956D46DE8}") = "BLL", "BLL", "{B19D65F4-D8FE-4CAB-A746-912BB104CFDD}"
EndProject
Project("{FAE04EC0-301F-11D3-BF4B-00C04F79EFBC}") = "Entities", "BLL\Entities\Entities.csproj", "{F93D3850-5318-44E2-B845-E87E6188FEA0}"
EndProject
Project("{FAE04EC0-301F-11D3-BF4B-00C04F79EFBC}") = "Repositories", "BLL\Repositories\Repositories.csproj", "{EE53408A-7813-4815-8EBB-FAE4F47544F7}"
EndProject
Global
	GlobalSection(SolutionConfigurationPlatforms) = preSolution
		Debug|Any CPU = Debug|Any CPU
		Release|Any CPU = Release|Any CPU
	EndGlobalSection
	GlobalSection(ProjectConfigurationPlatforms) = postSolution
		{8FFF3D79-EAC1-4C6B-8C87-E1B95FC3A8BB}.Debug|Any CPU.ActiveCfg = Debug|Any CPU
		{8FFF3D79-EAC1-4C6B-8C87-E1B95FC3A8BB}.Debug|Any CPU.Build.0 = Debug|Any CPU
		{8FFF3D79-EAC1-4C6B-8C87-E1B95FC3A8BB}.Release|Any CPU.ActiveCfg = Release|Any CPU
		{8FFF3D79-EAC1-4C6B-8C87-E1B95FC3A8BB}.Release|Any CPU.Build.0 = Release|Any CPU
		{BD957479-EA97-4F4A-B1D6-88BF2598FBE1}.Debug|Any CPU.ActiveCfg = Debug|Any CPU
		{BD957479-EA97-4F4A-B1D6-88BF2598FBE1}.Debug|Any CPU.Build.0 = Debug|Any CPU
		{BD957479-EA97-4F4A-B1D6-88BF2598FBE1}.Release|Any CPU.ActiveCfg = Release|Any CPU
		{BD957479-EA97-4F4A-B1D6-88BF2598FBE1}.Release|Any CPU.Build.0 = Release|Any CPU
		{F93D3850-5318-44E2-B845-E87E6188FEA0}.Debug|Any CPU.ActiveCfg = Debug|Any CPU
		{F93D3850-5318-44E2-B845-E87E6188FEA0}.Debug|Any CPU.Build.0 = Debug|Any CPU
		{F93D3850-5318-44E2-B845-E87E6188FEA0}.Release|Any CPU.ActiveCfg = Release|Any CPU
		{F93D3850-5318-44E2-B845-E87E6188FEA0}.Release|Any CPU.Build.0 = Release|Any CPU
		{EE53408A-7813-4815-8EBB-FAE4F47544F7}.Debug|Any CPU.ActiveCfg = Debug|Any CPU
		{EE53408A-7813-4815-8EBB-FAE4F47544F7}.Debug|Any CPU.Build.0 = Debug|Any CPU
		{EE53408A-7813-4815-8EBB-FAE4F47544F7}.Release|Any CPU.ActiveCfg = Release|Any CPU
		{EE53408A-7813-4815-8EBB-FAE4F47544F7}.Release|Any CPU.Build.0 = Release|Any CPU
	EndGlobalSection
	GlobalSection(SolutionProperties) = preSolution
		HideSolutionNode = FALSE
	EndGlobalSection
	GlobalSection(NestedProjects) = preSolution
		{F93D3850-5318-44E2-B845-E87E6188FEA0} = {B19D65F4-D8FE-4CAB-A746-912BB104CFDD}
		{EE53408A-7813-4815-8EBB-FAE4F47544F7} = {B19D65F4-D8FE-4CAB-A746-912BB104CFDD}
	EndGlobalSection
	GlobalSection(ExtensibilityGlobals) = postSolution
		SolutionGuid = {2829DAF9-F5F7-4E48-858F-7A633E14BE3A}
	EndGlobalSection
EndGlobal
